{
  "originHash" : "b6d24b77c161de18dbec40b6e69f7bcbef01101abff17dc0196984089c3f78fb",
  "pins" : [
    {
      "identity" : "swiftsdl2",
      "kind" : "remoteSourceControl",
      "location" : "https://github.com/CmST0us/SwiftSDL2.git",
      "state" : {
        "branch" : "main",
        "revision" : "a4ae230dc0ab5b28e3169f0306071f76a808055d"
      }
    },
    {
      "identity" : "u8g2kit",
      "kind" : "remoteSourceControl",
      "location" : "https://github.com/CmST0us/U8g2Kit",
      "state" : {
        "branch" : "main",
        "revision" : "5e351436b50b272d7787b6f11925a76f61fb2d54"
      }
    }
  ],
  "version" : 3
}
